
Microsoft Visual Studio Solution File, Format Version 12.00
# Visual Studio Version 17
VisualStudioVersion = 17.0.31903.59
MinimumVisualStudioVersion = 10.0.40219.1
Project("{FAE04EC0-301F-11D3-BF4B-00C04F79EFBC}") = "Rena.Interop.XkbCommon", "Rena.Interop.XkbCommon\Rena.Interop.XkbCommon.csproj", "{BAB4C5DA-A773-441B-874F-7C7273DA4E11}"
EndProject
Global
	GlobalSection(SolutionConfigurationPlatforms) = preSolution
		Debug|Any CPU = Debug|Any CPU
		Release|Any CPU = Release|Any CPU
	EndGlobalSection
	GlobalSection(SolutionProperties) = preSolution
		HideSolutionNode = FALSE
	EndGlobalSection
	GlobalSection(ProjectConfigurationPlatforms) = postSolution
		{BAB4C5DA-A773-441B-874F-7C7273DA4E11}.Debug|Any CPU.ActiveCfg = Debug|Any CPU
		{BAB4C5DA-A773-441B-874F-7C7273DA4E11}.Debug|Any CPU.Build.0 = Debug|Any CPU
		{BAB4C5DA-A773-441B-874F-7C7273DA4E11}.Release|Any CPU.ActiveCfg = Release|Any CPU
		{BAB4C5DA-A773-441B-874F-7C7273DA4E11}.Release|Any CPU.Build.0 = Release|Any CPU
	EndGlobalSection
EndGlobal
